// !$*UTF8*$!
{
	archiveVersion = 1;
	classes = {
	};
	objectVersion = 77;
	objects = {

/* Begin PBXContainerItemProxy section */
		D714CF462E14187800995E5F /* PBXContainerItemProxy */ = {
			isa = PBXContainerItemProxy;
			containerPortal = D714CF2F2E14187600995E5F /* Project object */;
			proxyType = 1;
			remoteGlobalIDString = D714CF362E14187600995E5F;
			remoteInfo = SpaceWallet;
		};
		D714CF502E14187800995E5F /* PBXContainerItemProxy */ = {
			isa = PBXContainerItemProxy;
			containerPortal = D714CF2F2E14187600995E5F /* Project object */;
			proxyType = 1;
			remoteGlobalIDString = D714CF362E14187600995E5F;
			remoteInfo = SpaceWallet;
		};
/* End PBXContainerItemProxy section */

/* Begin PBXFileReference section */
		D714CF372E14187600995E5F /* SpaceWallet.app */ = {isa = PBXFileReference; explicitFileType = wrapper.application; includeInIndex = 0; path = SpaceWallet.app; sourceTree = BUILT_PRODUCTS_DIR; };
		D714CF452E14187800995E5F /* SpaceWalletTests.xctest */ = {isa = PBXFileReference; explicitFileType = wrapper.cfbundle; includeInIndex = 0; path = SpaceWalletTests.xctest; sourceTree = BUILT_PRODUCTS_DIR; };
		D714CF4F2E14187800995E5F /* SpaceWalletUITests.xctest */ = {isa = PBXFileReference; explicitFileType = wrapper.cfbundle; includeInIndex = 0; path = SpaceWalletUITests.xctest; sourceTree = BUILT_PRODUCTS_DIR; };
/* End PBXFileReference section */

/* Begin PBXFileSystemSynchronizedBuildFileExceptionSet section */
		D714CF7D2E144BC800995E5F /* Exceptions for "SpaceWallet" folder in "SpaceWallet" target */ = {
			isa = PBXFileSystemSynchronizedBuildFileExceptionSet;
			membershipExceptions = (
				SpaceWalletTests/SpaceWalletTests/SpaceWalletTests.swift,
				SpaceWalletTests/SpaceWalletUITests/SpaceWalletUITests.swift,
				SpaceWalletTests/SpaceWalletUITests/SpaceWalletUITestsLaunchTests.swift,
			);
			target = D714CF362E14187600995E5F /* SpaceWallet */;
		};
		D714CF7E2E144BC800995E5F /* Exceptions for "SpaceWallet" folder in "SpaceWalletTests" target */ = {
			isa = PBXFileSystemSynchronizedBuildFileExceptionSet;
			membershipExceptions = (
				SpaceWalletTests/SpaceWalletTests/SpaceWalletTests.swift,
			);
			target = D714CF442E14187800995E5F /* SpaceWalletTests */;
		};
		D714CF7F2E144BC800995E5F /* Exceptions for "SpaceWallet" folder in "SpaceWalletUITests" target */ = {
			isa = PBXFileSystemSynchronizedBuildFileExceptionSet;
			membershipExceptions = (
				SpaceWalletTests/SpaceWalletUITests/SpaceWalletUITests.swift,
				SpaceWalletTests/SpaceWalletUITests/SpaceWalletUITestsLaunchTests.swift,
			);
			target = D714CF4E2E14187800995E5F /* SpaceWalletUITests */;
		};
/* End PBXFileSystemSynchronizedBuildFileExceptionSet section */

/* Begin PBXFileSystemSynchronizedRootGroup section */
		D714CF392E14187600995E5F /* SpaceWallet */ = {
			isa = PBXFileSystemSynchronizedRootGroup;
			exceptions = (
				D714CF7D2E144BC800995E5F /* Exceptions for "SpaceWallet" folder in "SpaceWallet" target */,
				D714CF7E2E144BC800995E5F /* Exceptions for "SpaceWallet" folder in "SpaceWalletTests" target */,
				D714CF7F2E144BC800995E5F /* Exceptions for "SpaceWallet" folder in "SpaceWalletUITests" target */,
			);
			path = SpaceWallet;
			sourceTree = "<group>";
		};
/* End PBXFileSystemSynchronizedRootGroup section */

/* Begin PBXFrameworksBuildPhase section */
		D714CF342E14187600995E5F /* Frameworks */ = {
			isa = PBXFrameworksBuildPhase;
			buildActionMask = 2147483647;
			files = (
			);
			runOnlyForDeploymentPostprocessing = 0;
		};
		D714CF422E14187800995E5F /* Frameworks */ = {
			isa = PBXFrameworksBuildPhase;
			buildActionMask = 2147483647;
			files = (
			);
			runOnlyForDeploymentPostprocessing = 0;
		};
		D714CF4C2E14187800995E5F /* Frameworks */ = {
			isa = PBXFrameworksBuildPhase;
			buildActionMask = 2147483647;
			files = (
			);
			runOnlyForDeploymentPostprocessing = 0;
		};
/* End PBXFrameworksBuildPhase section */

/* Begin PBXGroup section */
		D714CF2E2E14187600995E5F = {
			isa = PBXGroup;
			children = (
				D714CF392E14187600995E5F /* SpaceWallet */,
				D714CF382E14187600995E5F /* Products */,
			);
			sourceTree = "<group>";
		};
		D714CF382E14187600995E5F /* Products */ = {
			isa = PBXGroup;
			children = (
				D714CF372E14187600995E5F /* SpaceWallet.app */,
				D714CF452E14187800995E5F /* SpaceWalletTests.xctest */,
				D714CF4F2E14187800995E5F /* SpaceWalletUITests.xctest */,
			);
			name = Products;
			sourceTree = "<group>";
		};
/* End PBXGroup section */

/* Begin PBXNativeTarget section */
		D714CF362E14187600995E5F /* SpaceWallet */ = {
			isa = PBXNativeTarget;
			buildConfigurationList = D714CF592E14187800995E5F /* Build configuration list for PBXNativeTarget "SpaceWallet" */;
			buildPhases = (
				D714CF332E14187600995E5F /* Sources */,
				D714CF342E14187600995E5F /* Frameworks */,
				D714CF352E14187600995E5F /* Resources */,
			);
			buildRules = (
			);
			dependencies = (
				D714D0762E167EBE00995E5F /* PBXTargetDependency */,
			);
			fileSystemSynchronizedGroups = (
				D714CF392E14187600995E5F /* SpaceWallet */,
			);
			name = SpaceWallet;
			packageProductDependencies = (
			);
			productName = SpaceWallet;
			productReference = D714CF372E14187600995E5F /* SpaceWallet.app */;
			productType = "com.apple.product-type.application";
		};
		D714CF442E14187800995E5F /* SpaceWalletTests */ = {
			isa = PBXNativeTarget;
			buildConfigurationList = D714CF5C2E14187800995E5F /* Build configuration list for PBXNativeTarget "SpaceWalletTests" */;
			buildPhases = (
				D714CF412E14187800995E5F /* Sources */,
				D714CF422E14187800995E5F /* Frameworks */,
				D714CF432E14187800995E5F /* Resources */,
			);
			buildRules = (
			);
			dependencies = (
				D714CF472E14187800995E5F /* PBXTargetDependency */,
			);
			name = SpaceWalletTests;
			packageProductDependencies = (
			);
			productName = SpaceWalletTests;
			productReference = D714CF452E14187800995E5F /* SpaceWalletTests.xctest */;
			productType = "com.apple.product-type.bundle.unit-test";
		};
		D714CF4E2E14187800995E5F /* SpaceWalletUITests */ = {
			isa = PBXNativeTarget;
			buildConfigurationList = D714CF5F2E14187800995E5F /* Build configuration list for PBXNativeTarget "SpaceWalletUITests" */;
			buildPhases = (
				D714CF4B2E14187800995E5F /* Sources */,
				D714CF4C2E14187800995E5F /* Frameworks */,
				D714CF4D2E14187800995E5F /* Resources */,
			);
			buildRules = (
			);
			dependencies = (
				D714CF512E14187800995E5F /* PBXTargetDependency */,
			);
			name = SpaceWalletUITests;
			packageProductDependencies = (
			);
			productName = SpaceWalletUITests;
			productReference = D714CF4F2E14187800995E5F /* SpaceWalletUITests.xctest */;
			productType = "com.apple.product-type.bundle.ui-testing";
		};
/* End PBXNativeTarget section */

/* Begin PBXProject section */
		D714CF2F2E14187600995E5F /* Project object */ = {
			isa = PBXProject;
			attributes = {
				BuildIndependentTargetsInParallel = 1;
				LastSwiftUpdateCheck = 1630;
				LastUpgradeCheck = 1630;
				TargetAttributes = {
					D714CF362E14187600995E5F = {
						CreatedOnToolsVersion = 16.3;
					};
					D714CF442E14187800995E5F = {
						CreatedOnToolsVersion = 16.3;
						TestTargetID = D714CF362E14187600995E5F;
					};
					D714CF4E2E14187800995E5F = {
						CreatedOnToolsVersion = 16.3;
						TestTargetID = D714CF362E14187600995E5F;
					};
				};
			};
			buildConfigurationList = D714CF322E14187600995E5F /* Build configuration list for PBXProject "SpaceWallet" */;
			developmentRegion = en;
			hasScannedForEncodings = 0;
			knownRegions = (
				en,
				Base,
				"pt-PT",
			);
			mainGroup = D714CF2E2E14187600995E5F;
			minimizedProjectReferenceProxies = 1;
			packageReferences = (
				D714CFF82E145FFA00995E5F /* XCRemoteSwiftPackageReference "SwiftLint" */,
			);
			preferredProjectObjectVersion = 77;
			productRefGroup = D714CF382E14187600995E5F /* Products */;
			projectDirPath = "";
			projectRoot = "";
			targets = (
				D714CF362E14187600995E5F /* SpaceWallet */,
				D714CF442E14187800995E5F /* SpaceWalletTests */,
				D714CF4E2E14187800995E5F /* SpaceWalletUITests */,
			);
		};
/* End PBXProject section */

/* Begin PBXResourcesBuildPhase section */
		D714CF352E14187600995E5F /* Resources */ = {
			isa = PBXResourcesBuildPhase;
			buildActionMask = 2147483647;
			files = (
			);
			runOnlyForDeploymentPostprocessing = 0;
		};
		D714CF432E14187800995E5F /* Resources */ = {
			isa = PBXResourcesBuildPhase;
			buildActionMask = 2147483647;
			files = (
			);
			runOnlyForDeploymentPostprocessing = 0;
		};
		D714CF4D2E14187800995E5F /* Resources */ = {
			isa = PBXResourcesBuildPhase;
			buildActionMask = 2147483647;
			files = (
			);
			runOnlyForDeploymentPostprocessing = 0;
		};
/* End PBXResourcesBuildPhase section */

/* Begin PBXSourcesBuildPhase section */
		D714CF332E14187600995E5F /* Sources */ = {
			isa = PBXSourcesBuildPhase;
			buildActionMask = 2147483647;
			files = (
			);
			runOnlyForDeploymentPostprocessing = 0;
		};
		D714CF412E14187800995E5F /* Sources */ = {
			isa = PBXSourcesBuildPhase;
			buildActionMask = 2147483647;
			files = (
			);
			runOnlyForDeploymentPostprocessing = 0;
		};
		D714CF4B2E14187800995E5F /* Sources */ = {
			isa = PBXSourcesBuildPhase;
			buildActionMask = 2147483647;
			files = (
			);
			runOnlyForDeploymentPostprocessing = 0;
		};
/* End PBXSourcesBuildPhase section */

/* Begin PBXTargetDependency section */
		D714CF472E14187800995E5F /* PBXTargetDependency */ = {
			isa = PBXTargetDependency;
			target = D714CF362E14187600995E5F /* SpaceWallet */;
			targetProxy = D714CF462E14187800995E5F /* PBXContainerItemProxy */;
		};
		D714CF512E14187800995E5F /* PBXTargetDependency */ = {
			isa = PBXTargetDependency;
			target = D714CF362E14187600995E5F /* SpaceWallet */;
			targetProxy = D714CF502E14187800995E5F /* PBXContainerItemProxy */;
		};
		D714D0762E167EBE00995E5F /* PBXTargetDependency */ = {
			isa = PBXTargetDependency;
			productRef = D714D0752E167EBE00995E5F /* SwiftLintBuildToolPlugin */;
		};
/* End PBXTargetDependency section */

/* Begin XCBuildConfiguration section */
		D714CF572E14187800995E5F /* Debug */ = {
			isa = XCBuildConfiguration;
			buildSettings = {
				ALWAYS_SEARCH_USER_PATHS = NO;
				ASSETCATALOG_COMPILER_GENERATE_SWIFT_ASSET_SYMBOL_EXTENSIONS = YES;
				CLANG_ANALYZER_LOCALIZABILITY_NONLOCALIZED = YES;
				CLANG_ANALYZER_NONNULL = YES;
				CLANG_ANALYZER_NUMBER_OBJECT_CONVERSION = YES_AGGRESSIVE;
				CLANG_CXX_LANGUAGE_STANDARD = "gnu++20";
				CLANG_ENABLE_MODULES = YES;
				CLANG_ENABLE_OBJC_ARC = YES;
				CLANG_ENABLE_OBJC_WEAK = YES;
				CLANG_WARN_BLOCK_CAPTURE_AUTORELEASING = YES;
				CLANG_WARN_BOOL_CONVERSION = YES;
				CLANG_WARN_COMMA = YES;
				CLANG_WARN_CONSTANT_CONVERSION = YES;
				CLANG_WARN_DEPRECATED_OBJC_IMPLEMENTATIONS = YES;
				CLANG_WARN_DIRECT_OBJC_ISA_USAGE = YES_ERROR;
				CLANG_WARN_DOCUMENTATION_COMMENTS = YES;
				CLANG_WARN_EMPTY_BODY = YES;
				CLANG_WARN_ENUM_CONVERSION = YES;
				CLANG_WARN_INFINITE_RECURSION = YES;
				CLANG_WARN_INT_CONVERSION = YES;
				CLANG_WARN_NON_LITERAL_NULL_CONVERSION = YES;
				CLANG_WARN_OBJC_IMPLICIT_RETAIN_SELF = YES;
				CLANG_WARN_OBJC_LITERAL_CONVERSION = YES;
				CLANG_WARN_OBJC_ROOT_CLASS = YES_ERROR;
				CLANG_WARN_QUOTED_INCLUDE_IN_FRAMEWORK_HEADER = YES;
				CLANG_WARN_RANGE_LOOP_ANALYSIS = YES;
				CLANG_WARN_STRICT_PROTOTYPES = YES;
				CLANG_WARN_SUSPICIOUS_MOVE = YES;
				CLANG_WARN_UNGUARDED_AVAILABILITY = YES_AGGRESSIVE;
				CLANG_WARN_UNREACHABLE_CODE = YES;
				CLANG_WARN__DUPLICATE_METHOD_MATCH = YES;
				COPY_PHASE_STRIP = NO;
				DEBUG_INFORMATION_FORMAT = dwarf;
				DEVELOPMENT_TEAM = JQ9PTA9Y4Y;
				ENABLE_STRICT_OBJC_MSGSEND = YES;
				ENABLE_TESTABILITY = YES;
				ENABLE_USER_SCRIPT_SANDBOXING = YES;
				GCC_C_LANGUAGE_STANDARD = gnu17;
				GCC_DYNAMIC_NO_PIC = NO;
				GCC_NO_COMMON_BLOCKS = YES;
				GCC_OPTIMIZATION_LEVEL = 0;
				GCC_PREPROCESSOR_DEFINITIONS = (
					"DEBUG=1",
					"$(inherited)",
				);
				GCC_WARN_64_TO_32_BIT_CONVERSION = YES;
				GCC_WARN_ABOUT_RETURN_TYPE = YES_ERROR;
				GCC_WARN_UNDECLARED_SELECTOR = YES;
				GCC_WARN_UNINITIALIZED_AUTOS = YES_AGGRESSIVE;
				GCC_WARN_UNUSED_FUNCTION = YES;
				GCC_WARN_UNUSED_VARIABLE = YES;
				LOCALIZATION_PREFERS_STRING_CATALOGS = YES;
				MTL_ENABLE_DEBUG_INFO = INCLUDE_SOURCE;
				MTL_FAST_MATH = YES;
				ONLY_ACTIVE_ARCH = YES;
				SWIFT_ACTIVE_COMPILATION_CONDITIONS = "DEBUG $(inherited)";
				SWIFT_OPTIMIZATION_LEVEL = "-Onone";
			};
			name = Debug;
		};
		D714CF582E14187800995E5F /* Release */ = {
			isa = XCBuildConfiguration;
			buildSettings = {
				ALWAYS_SEARCH_USER_PATHS = NO;
				ASSETCATALOG_COMPILER_GENERATE_SWIFT_ASSET_SYMBOL_EXTENSIONS = YES;
				CLANG_ANALYZER_LOCALIZABILITY_NONLOCALIZED = YES;
				CLANG_ANALYZER_NONNULL = YES;
				CLANG_ANALYZER_NUMBER_OBJECT_CONVERSION = YES_AGGRESSIVE;
				CLANG_CXX_LANGUAGE_STANDARD = "gnu++20";
				CLANG_ENABLE_MODULES = YES;
				CLANG_ENABLE_OBJC_ARC = YES;
				CLANG_ENABLE_OBJC_WEAK = YES;
				CLANG_WARN_BLOCK_CAPTURE_AUTORELEASING = YES;
				CLANG_WARN_BOOL_CONVERSION = YES;
				CLANG_WARN_COMMA = YES;
				CLANG_WARN_CONSTANT_CONVERSION = YES;
				CLANG_WARN_DEPRECATED_OBJC_IMPLEMENTATIONS = YES;
				CLANG_WARN_DIRECT_OBJC_ISA_USAGE = YES_ERROR;
				CLANG_WARN_DOCUMENTATION_COMMENTS = YES;
				CLANG_WARN_EMPTY_BODY = YES;
				CLANG_WARN_ENUM_CONVERSION = YES;
				CLANG_WARN_INFINITE_RECURSION = YES;
				CLANG_WARN_INT_CONVERSION = YES;
				CLANG_WARN_NON_LITERAL_NULL_CONVERSION = YES;
				CLANG_WARN_OBJC_IMPLICIT_RETAIN_SELF = YES;
				CLANG_WARN_OBJC_LITERAL_CONVERSION = YES;
				CLANG_WARN_OBJC_ROOT_CLASS = YES_ERROR;
				CLANG_WARN_QUOTED_INCLUDE_IN_FRAMEWORK_HEADER = YES;
				CLANG_WARN_RANGE_LOOP_ANALYSIS = YES;
				CLANG_WARN_STRICT_PROTOTYPES = YES;
				CLANG_WARN_SUSPICIOUS_MOVE = YES;
				CLANG_WARN_UNGUARDED_AVAILABILITY = YES_AGGRESSIVE;
				CLANG_WARN_UNREACHABLE_CODE = YES;
				CLANG_WARN__DUPLICATE_METHOD_MATCH = YES;
				COPY_PHASE_STRIP = NO;
				DEBUG_INFORMATION_FORMAT = "dwarf-with-dsym";
				DEVELOPMENT_TEAM = JQ9PTA9Y4Y;
				ENABLE_NS_ASSERTIONS = NO;
				ENABLE_STRICT_OBJC_MSGSEND = YES;
				ENABLE_USER_SCRIPT_SANDBOXING = YES;
				GCC_C_LANGUAGE_STANDARD = gnu17;
				GCC_NO_COMMON_BLOCKS = YES;
				GCC_WARN_64_TO_32_BIT_CONVERSION = YES;
				GCC_WARN_ABOUT_RETURN_TYPE = YES_ERROR;
				GCC_WARN_UNDECLARED_SELECTOR = YES;
				GCC_WARN_UNINITIALIZED_AUTOS = YES_AGGRESSIVE;
				GCC_WARN_UNUSED_FUNCTION = YES;
				GCC_WARN_UNUSED_VARIABLE = YES;
				LOCALIZATION_PREFERS_STRING_CATALOGS = YES;
				MTL_ENABLE_DEBUG_INFO = NO;
				MTL_FAST_MATH = YES;
				SWIFT_COMPILATION_MODE = wholemodule;
			};
			name = Release;
		};
		D714CF5A2E14187800995E5F /* Debug */ = {
			isa = XCBuildConfiguration;
			buildSettings = {
				ASSETCATALOG_COMPILER_APPICON_NAME = AppIcon;
				ASSETCATALOG_COMPILER_GLOBAL_ACCENT_COLOR_NAME = AccentColor;
				CODE_SIGN_ENTITLEMENTS = SpaceWallet/SpaceWallet.entitlements;
				CODE_SIGN_STYLE = Automatic;
				CURRENT_PROJECT_VERSION = 1;
				DEVELOPMENT_TEAM = JQ9PTA9Y4Y;
				ENABLE_HARDENED_RUNTIME = YES;
				ENABLE_PREVIEWS = YES;
				GENERATE_INFOPLIST_FILE = YES;
				INFOPLIST_KEY_LSApplicationCategoryType = "public.app-category.finance";
				"INFOPLIST_KEY_UIApplicationSceneManifest_Generation[sdk=iphoneos*]" = YES;
				"INFOPLIST_KEY_UIApplicationSceneManifest_Generation[sdk=iphonesimulator*]" = YES;
				"INFOPLIST_KEY_UIApplicationSupportsIndirectInputEvents[sdk=iphoneos*]" = YES;
				"INFOPLIST_KEY_UIApplicationSupportsIndirectInputEvents[sdk=iphonesimulator*]" = YES;
				"INFOPLIST_KEY_UILaunchScreen_Generation[sdk=iphoneos*]" = YES;
				"INFOPLIST_KEY_UILaunchScreen_Generation[sdk=iphonesimulator*]" = YES;
				"INFOPLIST_KEY_UIStatusBarStyle[sdk=iphoneos*]" = UIStatusBarStyleDefault;
				"INFOPLIST_KEY_UIStatusBarStyle[sdk=iphonesimulator*]" = UIStatusBarStyleDefault;
				INFOPLIST_KEY_UISupportedInterfaceOrientations_iPad = "UIInterfaceOrientationPortrait UIInterfaceOrientationPortraitUpsideDown UIInterfaceOrientationLandscapeLeft UIInterfaceOrientationLandscapeRight";
				INFOPLIST_KEY_UISupportedInterfaceOrientations_iPhone = "UIInterfaceOrientationPortrait UIInterfaceOrientationLandscapeLeft UIInterfaceOrientationLandscapeRight";
				IPHONEOS_DEPLOYMENT_TARGET = 17.0;
				LD_RUNPATH_SEARCH_PATHS = "@executable_path/Frameworks";
				"LD_RUNPATH_SEARCH_PATHS[sdk=macosx*]" = "@executable_path/../Frameworks";
				MACOSX_DEPLOYMENT_TARGET = 15.4;
				MARKETING_VERSION = 1.0;
				PRODUCT_BUNDLE_IDENTIFIER = "space-crypto.SpaceWallet";
				PRODUCT_NAME = "$(TARGET_NAME)";
				REGISTER_APP_GROUPS = YES;
				SDKROOT = auto;
				SUPPORTED_PLATFORMS = "iphoneos iphonesimulator";
				SUPPORTS_MACCATALYST = NO;
				SWIFT_EMIT_LOC_STRINGS = YES;
				SWIFT_VERSION = 5.0;
				TARGETED_DEVICE_FAMILY = 1;
				XROS_DEPLOYMENT_TARGET = 2.4;
			};
			name = Debug;
		};
		D714CF5B2E14187800995E5F /* Release */ = {
			isa = XCBuildConfiguration;
			buildSettings = {
				ASSETCATALOG_COMPILER_APPICON_NAME = AppIcon;
				ASSETCATALOG_COMPILER_GLOBAL_ACCENT_COLOR_NAME = AccentColor;
				CODE_SIGN_ENTITLEMENTS = SpaceWallet/SpaceWallet.entitlements;
				CODE_SIGN_STYLE = Automatic;
				CURRENT_PROJECT_VERSION = 1;
				DEVELOPMENT_TEAM = JQ9PTA9Y4Y;
				ENABLE_HARDENED_RUNTIME = YES;
				ENABLE_PREVIEWS = YES;
				GENERATE_INFOPLIST_FILE = YES;
				INFOPLIST_KEY_LSApplicationCategoryType = "public.app-category.finance";
				"INFOPLIST_KEY_UIApplicationSceneManifest_Generation[sdk=iphoneos*]" = YES;
				"INFOPLIST_KEY_UIApplicationSceneManifest_Generation[sdk=iphonesimulator*]" = YES;
				"INFOPLIST_KEY_UIApplicationSupportsIndirectInputEvents[sdk=iphoneos*]" = YES;
				"INFOPLIST_KEY_UIApplicationSupportsIndirectInputEvents[sdk=iphonesimulator*]" = YES;
				"INFOPLIST_KEY_UILaunchScreen_Generation[sdk=iphoneos*]" = YES;
				"INFOPLIST_KEY_UILaunchScreen_Generation[sdk=iphonesimulator*]" = YES;
				"INFOPLIST_KEY_UIStatusBarStyle[sdk=iphoneos*]" = UIStatusBarStyleDefault;
				"INFOPLIST_KEY_UIStatusBarStyle[sdk=iphonesimulator*]" = UIStatusBarStyleDefault;
				INFOPLIST_KEY_UISupportedInterfaceOrientations_iPad = "UIInterfaceOrientationPortrait UIInterfaceOrientationPortraitUpsideDown UIInterfaceOrientationLandscapeLeft UIInterfaceOrientationLandscapeRight";
				INFOPLIST_KEY_UISupportedInterfaceOrientations_iPhone = "UIInterfaceOrientationPortrait UIInterfaceOrientationLandscapeLeft UIInterfaceOrientationLandscapeRight";
				IPHONEOS_DEPLOYMENT_TARGET = 17.0;
				LD_RUNPATH_SEARCH_PATHS = "@executable_path/Frameworks";
				"LD_RUNPATH_SEARCH_PATHS[sdk=macosx*]" = "@executable_path/../Frameworks";
				MACOSX_DEPLOYMENT_TARGET = 15.4;
				MARKETING_VERSION = 1.0;
				PRODUCT_BUNDLE_IDENTIFIER = "space-crypto.SpaceWallet";
				PRODUCT_NAME = "$(TARGET_NAME)";
				REGISTER_APP_GROUPS = YES;
				SDKROOT = auto;
				SUPPORTED_PLATFORMS = "iphoneos iphonesimulator";
				SUPPORTS_MACCATALYST = NO;
				SWIFT_EMIT_LOC_STRINGS = YES;
				SWIFT_VERSION = 5.0;
				TARGETED_DEVICE_FAMILY = 1;
				XROS_DEPLOYMENT_TARGET = 2.4;
			};
			name = Release;
		};
		D714CF5D2E14187800995E5F /* Debug */ = {
			isa = XCBuildConfiguration;
			buildSettings = {
				BUNDLE_LOADER = "$(TEST_HOST)";
				CODE_SIGN_STYLE = Automatic;
				CURRENT_PROJECT_VERSION = 1;
				DEVELOPMENT_TEAM = JQ9PTA9Y4Y;
				GENERATE_INFOPLIST_FILE = YES;
				IPHONEOS_DEPLOYMENT_TARGET = 18.4;
				MACOSX_DEPLOYMENT_TARGET = 15.4;
				MARKETING_VERSION = 1.0;
				PRODUCT_BUNDLE_IDENTIFIER = "space-crypto.SpaceWalletTests";
				PRODUCT_NAME = "$(TARGET_NAME)";
				SDKROOT = auto;
				SUPPORTED_PLATFORMS = "iphoneos iphonesimulator macosx xros xrsimulator";
				SWIFT_EMIT_LOC_STRINGS = NO;
				SWIFT_VERSION = 5.0;
				TARGETED_DEVICE_FAMILY = "1,2,7";
				TEST_HOST = "$(BUILT_PRODUCTS_DIR)/SpaceWallet.app/$(BUNDLE_EXECUTABLE_FOLDER_PATH)/SpaceWallet";
				XROS_DEPLOYMENT_TARGET = 2.4;
			};
			name = Debug;
		};
		D714CF5E2E14187800995E5F /* Release */ = {
			isa = XCBuildConfiguration;
			buildSettings = {
				BUNDLE_LOADER = "$(TEST_HOST)";
				CODE_SIGN_STYLE = Automatic;
				CURRENT_PROJECT_VERSION = 1;
				DEVELOPMENT_TEAM = JQ9PTA9Y4Y;
				GENERATE_INFOPLIST_FILE = YES;
				IPHONEOS_DEPLOYMENT_TARGET = 18.4;
				MACOSX_DEPLOYMENT_TARGET = 15.4;
				MARKETING_VERSION = 1.0;
				PRODUCT_BUNDLE_IDENTIFIER = "space-crypto.SpaceWalletTests";
				PRODUCT_NAME = "$(TARGET_NAME)";
				SDKROOT = auto;
				SUPPORTED_PLATFORMS = "iphoneos iphonesimulator macosx xros xrsimulator";
				SWIFT_EMIT_LOC_STRINGS = NO;
				SWIFT_VERSION = 5.0;
				TARGETED_DEVICE_FAMILY = "1,2,7";
				TEST_HOST = "$(BUILT_PRODUCTS_DIR)/SpaceWallet.app/$(BUNDLE_EXECUTABLE_FOLDER_PATH)/SpaceWallet";
				XROS_DEPLOYMENT_TARGET = 2.4;
			};
			name = Release;
		};
		D714CF602E14187800995E5F /* Debug */ = {
			isa = XCBuildConfiguration;
			buildSettings = {
				CODE_SIGN_STYLE = Automatic;
				CURRENT_PROJECT_VERSION = 1;
				DEVELOPMENT_TEAM = JQ9PTA9Y4Y;
				GENERATE_INFOPLIST_FILE = YES;
				IPHONEOS_DEPLOYMENT_TARGET = 18.4;
				MACOSX_DEPLOYMENT_TARGET = 15.4;
				MARKETING_VERSION = 1.0;
				PRODUCT_BUNDLE_IDENTIFIER = "space-crypto.SpaceWalletUITests";
				PRODUCT_NAME = "$(TARGET_NAME)";
				SDKROOT = auto;
				SUPPORTED_PLATFORMS = "iphoneos iphonesimulator macosx xros xrsimulator";
				SWIFT_EMIT_LOC_STRINGS = NO;
				SWIFT_VERSION = 5.0;
				TARGETED_DEVICE_FAMILY = "1,2,7";
				TEST_TARGET_NAME = SpaceWallet;
				XROS_DEPLOYMENT_TARGET = 2.4;
			};
			name = Debug;
		};
		D714CF612E14187800995E5F /* Release */ = {
			isa = XCBuildConfiguration;
			buildSettings = {
				CODE_SIGN_STYLE = Automatic;
				CURRENT_PROJECT_VERSION = 1;
				DEVELOPMENT_TEAM = JQ9PTA9Y4Y;
				GENERATE_INFOPLIST_FILE = YES;
				IPHONEOS_DEPLOYMENT_TARGET = 18.4;
				MACOSX_DEPLOYMENT_TARGET = 15.4;
				MARKETING_VERSION = 1.0;
				PRODUCT_BUNDLE_IDENTIFIER = "space-crypto.SpaceWalletUITests";
				PRODUCT_NAME = "$(TARGET_NAME)";
				SDKROOT = auto;
				SUPPORTED_PLATFORMS = "iphoneos iphonesimulator macosx xros xrsimulator";
				SWIFT_EMIT_LOC_STRINGS = NO;
				SWIFT_VERSION = 5.0;
				TARGETED_DEVICE_FAMILY = "1,2,7";
				TEST_TARGET_NAME = SpaceWallet;
				XROS_DEPLOYMENT_TARGET = 2.4;
			};
			name = Release;
		};
/* End XCBuildConfiguration section */

/* Begin XCConfigurationList section */
		D714CF322E14187600995E5F /* Build configuration list for PBXProject "SpaceWallet" */ = {
			isa = XCConfigurationList;
			buildConfigurations = (
				D714CF572E14187800995E5F /* Debug */,
				D714CF582E14187800995E5F /* Release */,
			);
			defaultConfigurationIsVisible = 0;
			defaultConfigurationName = Release;
		};
		D714CF592E14187800995E5F /* Build configuration list for PBXNativeTarget "SpaceWallet" */ = {
			isa = XCConfigurationList;
			buildConfigurations = (
				D714CF5A2E14187800995E5F /* Debug */,
				D714CF5B2E14187800995E5F /* Release */,
			);
			defaultConfigurationIsVisible = 0;
			defaultConfigurationName = Release;
		};
		D714CF5C2E14187800995E5F /* Build configuration list for PBXNativeTarget "SpaceWalletTests" */ = {
			isa = XCConfigurationList;
			buildConfigurations = (
				D714CF5D2E14187800995E5F /* Debug */,
				D714CF5E2E14187800995E5F /* Release */,
			);
			defaultConfigurationIsVisible = 0;
			defaultConfigurationName = Release;
		};
		D714CF5F2E14187800995E5F /* Build configuration list for PBXNativeTarget "SpaceWalletUITests" */ = {
			isa = XCConfigurationList;
			buildConfigurations = (
				D714CF602E14187800995E5F /* Debug */,
				D714CF612E14187800995E5F /* Release */,
			);
			defaultConfigurationIsVisible = 0;
			defaultConfigurationName = Release;
		};
/* End XCConfigurationList section */

/* Begin XCRemoteSwiftPackageReference section */
		D714CFF82E145FFA00995E5F /* XCRemoteSwiftPackageReference "SwiftLint" */ = {
			isa = XCRemoteSwiftPackageReference;
			repositoryURL = "https://github.com/realm/SwiftLint.git";
			requirement = {
				kind = upToNextMajorVersion;
				minimumVersion = 0.59.1;
			};
		};
/* End XCRemoteSwiftPackageReference section */

/* Begin XCSwiftPackageProductDependency section */
		D714D0752E167EBE00995E5F /* SwiftLintBuildToolPlugin */ = {
			isa = XCSwiftPackageProductDependency;
			package = D714CFF82E145FFA00995E5F /* XCRemoteSwiftPackageReference "SwiftLint" */;
			productName = "plugin:SwiftLintBuildToolPlugin";
		};
/* End XCSwiftPackageProductDependency section */
	};
	rootObject = D714CF2F2E14187600995E5F /* Project object */;
}
